
Microsoft Visual Studio Solution File, Format Version 12.00
# Visual Studio 15
Project("{FAE04EC0-301F-11D3-BF4B-00C04F79EFBC}") = "ScriptAssembly", "ScriptAssembly.csproj", "{F26BF742-1930-13C6-D979-A79BFBBD01DC}"
EndProject
Project("{FAE04EC0-301F-11D3-BF4B-00C04F79EFBC}") = "Tests", "Tests.csproj", "{6087A86C-7163-C0AF-0B1A-54287AB0ED2B}"
EndProject
Global
	GlobalSection(SolutionConfigurationPlatforms) = preSolution
		Debug|Any CPU = Debug|Any CPU
		Release|Any CPU = Release|Any CPU
	EndGlobalSection
	GlobalSection(ProjectConfigurationPlatforms) = postSolution
		{F26BF742-1930-13C6-D979-A79BFBBD01DC}.Debug|Any CPU.ActiveCfg = Debug|Any CPU
		{F26BF742-1930-13C6-D979-A79BFBBD01DC}.Debug|Any CPU.Build.0 = Debug|Any CPU
		{F26BF742-1930-13C6-D979-A79BFBBD01DC}.Release|Any CPU.ActiveCfg = Release|Any CPU
		{F26BF742-1930-13C6-D979-A79BFBBD01DC}.Release|Any CPU.Build.0 = Release|Any CPU
		{6087A86C-7163-C0AF-0B1A-54287AB0ED2B}.Debug|Any CPU.ActiveCfg = Debug|Any CPU
		{6087A86C-7163-C0AF-0B1A-54287AB0ED2B}.Debug|Any CPU.Build.0 = Debug|Any CPU
		{6087A86C-7163-C0AF-0B1A-54287AB0ED2B}.Release|Any CPU.ActiveCfg = Release|Any CPU
		{6087A86C-7163-C0AF-0B1A-54287AB0ED2B}.Release|Any CPU.Build.0 = Release|Any CPU
	EndGlobalSection
	GlobalSection(SolutionProperties) = preSolution
		HideSolutionNode = FALSE
	EndGlobalSection
EndGlobal
